PODS:
  - drawerbehavior (0.0.1):
    - Flutter
  - Flutter (1.0.0)
  - path_provider (0.0.1):
    - Flutter
  - wc_flutter_share (0.0.1):
    - Flutter

DEPENDENCIES:
  - drawerbehavior (from `.symlinks/plugins/drawerbehavior/ios`)
  - Flutter (from `.symlinks/flutter/ios`)
  - path_provider (from `.symlinks/plugins/path_provider/ios`)
  - wc_flutter_share (from `.symlinks/plugins/wc_flutter_share/ios`)

EXTERNAL SOURCES:
  drawerbehavior:
    :path: ".symlinks/plugins/drawerbehavior/ios"
  Flutter:
    :path: ".symlinks/flutter/ios"
  path_provider:
    :path: ".symlinks/plugins/path_provider/ios"
  wc_flutter_share:
    :path: ".symlinks/plugins/wc_flutter_share/ios"

SPEC CHECKSUMS:
  drawerbehavior: 688832bffec482cabacd8db3248ba582e1c2ea92
  Flutter: 0e3d915762c693b495b44d77113d4970485de6ec
  path_provider: fb74bd0465e96b594bb3b5088ee4a4e7bb1f2a9d
  wc_flutter_share: acdfe1a80d72f39da40378151fe50d5d86f15cbf

PODFILE CHECKSUM: b6a0a141693093b304368d08511b46cf3d1d0ac5

COCOAPODS: 1.8.4
